
Microsoft Visual Studio Solution File, Format Version 12.00
# Visual Studio 14
VisualStudioVersion = 14.0.24720.0
MinimumVisualStudioVersion = 10.0.40219.1
Project("{535C04D7-A2A5-47C7-83E0-B340A995CD1F}") = "BubbleSort", "BubbleSort\BubbleSort.cblproj", "{57861D2A-BA72-479B-B86E-A6330C475E0C}"
EndProject
Global
	GlobalSection(SolutionConfigurationPlatforms) = preSolution
		Debug|Any CPU = Debug|Any CPU
		Release|Any CPU = Release|Any CPU
	EndGlobalSection
	GlobalSection(ProjectConfigurationPlatforms) = postSolution
		{57861D2A-BA72-479B-B86E-A6330C475E0C}.Debug|Any CPU.ActiveCfg = Debug|Any CPU
		{57861D2A-BA72-479B-B86E-A6330C475E0C}.Debug|Any CPU.Build.0 = Debug|Any CPU
		{57861D2A-BA72-479B-B86E-A6330C475E0C}.Release|Any CPU.ActiveCfg = Release|Any CPU
		{57861D2A-BA72-479B-B86E-A6330C475E0C}.Release|Any CPU.Build.0 = Release|Any CPU
	EndGlobalSection
	GlobalSection(SolutionProperties) = preSolution
		HideSolutionNode = FALSE
	EndGlobalSection
EndGlobal
